PODS:
  - ZYCoverController (0.1.0)

DEPENDENCIES:
  - ZYCoverController (from `../`)

EXTERNAL SOURCES:
  ZYCoverController:
    :path: "../"

SPEC CHECKSUMS:
  ZYCoverController: 3c8291f0597b35d4cd402621d8a1ba770726dfc6

PODFILE CHECKSUM: 38e769f22b32cfc514bef8a5cfec10e8ebed8fc5

COCOAPODS: 1.7.1
